
Microsoft Visual Studio Solution File, Format Version 12.00
# Visual Studio Version 17
VisualStudioVersion = 17.3.32929.385
MinimumVisualStudioVersion = 10.0.40219.1
Project("{8BC9CEB8-8B4A-11D0-8D11-00A0C91BC942}") = "Learn_basic", "Learn_basic\Learn_basic.vcxproj", "{84B02908-2B97-439C-BAE0-76156BD90B44}"
EndProject
Project("{8BC9CEB8-8B4A-11D0-8D11-00A0C91BC942}") = "strlen_of_string", "strlen_of_string\strlen_of_string.vcxproj", "{B9807576-4568-416C-9F24-32326027F324}"
EndProject
Project("{8BC9CEB8-8B4A-11D0-8D11-00A0C91BC942}") = "input_function", "input_function\input_function.vcxproj", "{60EAFD78-3D2A-4B49-9E4B-4D714F276BA4}"
EndProject
Global
	GlobalSection(SolutionConfigurationPlatforms) = preSolution
		Debug|x64 = Debug|x64
		Debug|x86 = Debug|x86
		Release|x64 = Release|x64
		Release|x86 = Release|x86
	EndGlobalSection
	GlobalSection(ProjectConfigurationPlatforms) = postSolution
		{84B02908-2B97-439C-BAE0-76156BD90B44}.Debug|x64.ActiveCfg = Debug|x64
		{84B02908-2B97-439C-BAE0-76156BD90B44}.Debug|x64.Build.0 = Debug|x64
		{84B02908-2B97-439C-BAE0-76156BD90B44}.Debug|x86.ActiveCfg = Debug|Win32
		{84B02908-2B97-439C-BAE0-76156BD90B44}.Debug|x86.Build.0 = Debug|Win32
		{84B02908-2B97-439C-BAE0-76156BD90B44}.Release|x64.ActiveCfg = Release|x64
		{84B02908-2B97-439C-BAE0-76156BD90B44}.Release|x64.Build.0 = Release|x64
		{84B02908-2B97-439C-BAE0-76156BD90B44}.Release|x86.ActiveCfg = Release|Win32
		{84B02908-2B97-439C-BAE0-76156BD90B44}.Release|x86.Build.0 = Release|Win32
		{B9807576-4568-416C-9F24-32326027F324}.Debug|x64.ActiveCfg = Debug|x64
		{B9807576-4568-416C-9F24-32326027F324}.Debug|x64.Build.0 = Debug|x64
		{B9807576-4568-416C-9F24-32326027F324}.Debug|x86.ActiveCfg = Debug|Win32
		{B9807576-4568-416C-9F24-32326027F324}.Debug|x86.Build.0 = Debug|Win32
		{B9807576-4568-416C-9F24-32326027F324}.Release|x64.ActiveCfg = Release|x64
		{B9807576-4568-416C-9F24-32326027F324}.Release|x64.Build.0 = Release|x64
		{B9807576-4568-416C-9F24-32326027F324}.Release|x86.ActiveCfg = Release|Win32
		{B9807576-4568-416C-9F24-32326027F324}.Release|x86.Build.0 = Release|Win32
		{60EAFD78-3D2A-4B49-9E4B-4D714F276BA4}.Debug|x64.ActiveCfg = Debug|x64
		{60EAFD78-3D2A-4B49-9E4B-4D714F276BA4}.Debug|x64.Build.0 = Debug|x64
		{60EAFD78-3D2A-4B49-9E4B-4D714F276BA4}.Debug|x86.ActiveCfg = Debug|Win32
		{60EAFD78-3D2A-4B49-9E4B-4D714F276BA4}.Debug|x86.Build.0 = Debug|Win32
		{60EAFD78-3D2A-4B49-9E4B-4D714F276BA4}.Release|x64.ActiveCfg = Release|x64
		{60EAFD78-3D2A-4B49-9E4B-4D714F276BA4}.Release|x64.Build.0 = Release|x64
		{60EAFD78-3D2A-4B49-9E4B-4D714F276BA4}.Release|x86.ActiveCfg = Release|Win32
		{60EAFD78-3D2A-4B49-9E4B-4D714F276BA4}.Release|x86.Build.0 = Release|Win32
	EndGlobalSection
	GlobalSection(SolutionProperties) = preSolution
		HideSolutionNode = FALSE
	EndGlobalSection
	GlobalSection(ExtensibilityGlobals) = postSolution
		SolutionGuid = {6764A78C-173D-4CA2-924C-AF36892E76EC}
	EndGlobalSection
EndGlobal
