
Microsoft Visual Studio Solution File, Format Version 12.00
# Visual Studio Version 17
VisualStudioVersion = 17.3.32929.385
MinimumVisualStudioVersion = 10.0.40219.1
Project("{8BC9CEB8-8B4A-11D0-8D11-00A0C91BC942}") = "Uoc_chung_LN", "Data_Structure _Algorithms\Data_Structure _Algorithms.vcxproj", "{A5BCEC31-CA9C-4F0D-87A3-321F90F24B9E}"
EndProject
Project("{8BC9CEB8-8B4A-11D0-8D11-00A0C91BC942}") = "Fibonacy", "Fibonacy\Fibonacy.vcxproj", "{A69BE39F-D1C3-4FF2-A9A0-827742D2970A}"
EndProject
Project("{8BC9CEB8-8B4A-11D0-8D11-00A0C91BC942}") = "exchange_money", "exchange_money\exchange_money.vcxproj", "{B0BF4E19-4470-46A4-8135-E87CF217FA89}"
EndProject
Project("{8BC9CEB8-8B4A-11D0-8D11-00A0C91BC942}") = "exchange_decimal_binary", "exchange_decimal_binary\exchange_decimal_binary.vcxproj", "{8044FEDF-7F28-4898-89D7-775BD3580DFE}"
EndProject
Project("{8BC9CEB8-8B4A-11D0-8D11-00A0C91BC942}") = "Multi_Half", "Multi_Half\Multi_Half.vcxproj", "{37BDE4C9-8A8E-438C-BAC9-B33067524B50}"
EndProject
Global
	GlobalSection(SolutionConfigurationPlatforms) = preSolution
		Debug|x64 = Debug|x64
		Debug|x86 = Debug|x86
		Release|x64 = Release|x64
		Release|x86 = Release|x86
	EndGlobalSection
	GlobalSection(ProjectConfigurationPlatforms) = postSolution
		{A5BCEC31-CA9C-4F0D-87A3-321F90F24B9E}.Debug|x64.ActiveCfg = Debug|x64
		{A5BCEC31-CA9C-4F0D-87A3-321F90F24B9E}.Debug|x64.Build.0 = Debug|x64
		{A5BCEC31-CA9C-4F0D-87A3-321F90F24B9E}.Debug|x86.ActiveCfg = Debug|Win32
		{A5BCEC31-CA9C-4F0D-87A3-321F90F24B9E}.Debug|x86.Build.0 = Debug|Win32
		{A5BCEC31-CA9C-4F0D-87A3-321F90F24B9E}.Release|x64.ActiveCfg = Release|x64
		{A5BCEC31-CA9C-4F0D-87A3-321F90F24B9E}.Release|x64.Build.0 = Release|x64
		{A5BCEC31-CA9C-4F0D-87A3-321F90F24B9E}.Release|x86.ActiveCfg = Release|Win32
		{A5BCEC31-CA9C-4F0D-87A3-321F90F24B9E}.Release|x86.Build.0 = Release|Win32
		{A69BE39F-D1C3-4FF2-A9A0-827742D2970A}.Debug|x64.ActiveCfg = Debug|x64
		{A69BE39F-D1C3-4FF2-A9A0-827742D2970A}.Debug|x64.Build.0 = Debug|x64
		{A69BE39F-D1C3-4FF2-A9A0-827742D2970A}.Debug|x86.ActiveCfg = Debug|Win32
		{A69BE39F-D1C3-4FF2-A9A0-827742D2970A}.Debug|x86.Build.0 = Debug|Win32
		{A69BE39F-D1C3-4FF2-A9A0-827742D2970A}.Release|x64.ActiveCfg = Release|x64
		{A69BE39F-D1C3-4FF2-A9A0-827742D2970A}.Release|x64.Build.0 = Release|x64
		{A69BE39F-D1C3-4FF2-A9A0-827742D2970A}.Release|x86.ActiveCfg = Release|Win32
		{A69BE39F-D1C3-4FF2-A9A0-827742D2970A}.Release|x86.Build.0 = Release|Win32
		{B0BF4E19-4470-46A4-8135-E87CF217FA89}.Debug|x64.ActiveCfg = Debug|x64
		{B0BF4E19-4470-46A4-8135-E87CF217FA89}.Debug|x64.Build.0 = Debug|x64
		{B0BF4E19-4470-46A4-8135-E87CF217FA89}.Debug|x86.ActiveCfg = Debug|Win32
		{B0BF4E19-4470-46A4-8135-E87CF217FA89}.Debug|x86.Build.0 = Debug|Win32
		{B0BF4E19-4470-46A4-8135-E87CF217FA89}.Release|x64.ActiveCfg = Release|x64
		{B0BF4E19-4470-46A4-8135-E87CF217FA89}.Release|x64.Build.0 = Release|x64
		{B0BF4E19-4470-46A4-8135-E87CF217FA89}.Release|x86.ActiveCfg = Release|Win32
		{B0BF4E19-4470-46A4-8135-E87CF217FA89}.Release|x86.Build.0 = Release|Win32
		{8044FEDF-7F28-4898-89D7-775BD3580DFE}.Debug|x64.ActiveCfg = Debug|x64
		{8044FEDF-7F28-4898-89D7-775BD3580DFE}.Debug|x64.Build.0 = Debug|x64
		{8044FEDF-7F28-4898-89D7-775BD3580DFE}.Debug|x86.ActiveCfg = Debug|Win32
		{8044FEDF-7F28-4898-89D7-775BD3580DFE}.Debug|x86.Build.0 = Debug|Win32
		{8044FEDF-7F28-4898-89D7-775BD3580DFE}.Release|x64.ActiveCfg = Release|x64
		{8044FEDF-7F28-4898-89D7-775BD3580DFE}.Release|x64.Build.0 = Release|x64
		{8044FEDF-7F28-4898-89D7-775BD3580DFE}.Release|x86.ActiveCfg = Release|Win32
		{8044FEDF-7F28-4898-89D7-775BD3580DFE}.Release|x86.Build.0 = Release|Win32
		{37BDE4C9-8A8E-438C-BAC9-B33067524B50}.Debug|x64.ActiveCfg = Debug|x64
		{37BDE4C9-8A8E-438C-BAC9-B33067524B50}.Debug|x64.Build.0 = Debug|x64
		{37BDE4C9-8A8E-438C-BAC9-B33067524B50}.Debug|x86.ActiveCfg = Debug|Win32
		{37BDE4C9-8A8E-438C-BAC9-B33067524B50}.Debug|x86.Build.0 = Debug|Win32
		{37BDE4C9-8A8E-438C-BAC9-B33067524B50}.Release|x64.ActiveCfg = Release|x64
		{37BDE4C9-8A8E-438C-BAC9-B33067524B50}.Release|x64.Build.0 = Release|x64
		{37BDE4C9-8A8E-438C-BAC9-B33067524B50}.Release|x86.ActiveCfg = Release|Win32
		{37BDE4C9-8A8E-438C-BAC9-B33067524B50}.Release|x86.Build.0 = Release|Win32
	EndGlobalSection
	GlobalSection(SolutionProperties) = preSolution
		HideSolutionNode = FALSE
	EndGlobalSection
	GlobalSection(ExtensibilityGlobals) = postSolution
		SolutionGuid = {B70768A9-CB56-40D9-BEA2-5BBB30B2FDB6}
	EndGlobalSection
EndGlobal
